
Microsoft Visual Studio Solution File, Format Version 12.00
# Visual Studio Version 17
VisualStudioVersion = 17.10.35013.160
MinimumVisualStudioVersion = 10.0.40219.1
Project("{2150E333-8FDC-42A3-9474-1A3956D46DE8}") = "Modulo 3", "Modulo 3", "{E0DEDE9D-15FF-4EA6-A7B7-AAC24661606A}"
EndProject
Project("{9A19103F-16F7-4668-BE54-9A1E7A4F7556}") = "Ex_For", "Ex-For\Ex_For.csproj", "{A4C9CC13-84EA-41AA-A817-6571415A1A03}"
EndProject
Project("{9A19103F-16F7-4668-BE54-9A1E7A4F7556}") = "Ex_IfElse", "Ex-MensagemParaHora\Ex_IfElse.csproj", "{75CC002A-46C5-43B8-888F-D4E68272E649}"
EndProject
Project("{9A19103F-16F7-4668-BE54-9A1E7A4F7556}") = "Ex_While", "Ex-While\Ex_While.csproj", "{840C55F7-7B5D-4039-8369-E0DDB4709C29}"
EndProject
Project("{9A19103F-16F7-4668-BE54-9A1E7A4F7556}") = "HelloWorld", "PrimeiroProjeto\HelloWorld.csproj", "{FF16E584-7D5D-4060-9336-7437FAB220D0}"
EndProject
Project("{9A19103F-16F7-4668-BE54-9A1E7A4F7556}") = "Ex_TiposDeDadosBásicos", "Course\Ex_TiposDeDadosBásicos.csproj", "{3ECFC7CA-EE61-46F4-B7AA-9A18F2129C5E}"
EndProject
Project("{2150E333-8FDC-42A3-9474-1A3956D46DE8}") = "Modulo 4", "Modulo 4", "{AAFBE77C-3319-4AE1-A52B-323F0A354C3A}"
EndProject
Project("{9A19103F-16F7-4668-BE54-9A1E7A4F7556}") = "ProblemaProduto(OOP)", "ProblemaProduto(OOP)\ProblemaProduto(OOP).csproj", "{49F86EA6-DDBF-49FD-90B1-F83D5280C065}"
EndProject
Project("{9A19103F-16F7-4668-BE54-9A1E7A4F7556}") = "Ex1(OOP)", "ExercíciosOOP\Ex1(OOP).csproj", "{B47CED1A-20BB-4715-87EF-5208234FC03C}"
EndProject
Project("{9A19103F-16F7-4668-BE54-9A1E7A4F7556}") = "Ex3(OOP)", "Ex3(OOP)\Ex3(OOP).csproj", "{D385CFCB-4484-4577-8F18-6F3505B5C404}"
EndProject
Project("{2150E333-8FDC-42A3-9474-1A3956D46DE8}") = "Modulo 5", "Modulo 5", "{06BBBE13-CC95-49C2-8B10-944EBE8ACF5D}"
EndProject
Project("{9A19103F-16F7-4668-BE54-9A1E7A4F7556}") = "Ex_ContaBancária", "Ex-ContaBancária\Ex_ContaBancária.csproj", "{C7EC8320-BDCA-4E2E-9D30-568832F2BB8E}"
EndProject
Project("{2150E333-8FDC-42A3-9474-1A3956D46DE8}") = "Modulo 6", "Modulo 6", "{E238D4DF-7090-4CA5-ACF2-2EFE159DFCC5}"
EndProject
Project("{9A19103F-16F7-4668-BE54-9A1E7A4F7556}") = "Ex_Vetores", "Ex-Vetores\Ex_Vetores.csproj", "{92A45BA1-1145-4E7F-9C47-36399A66B279}"
EndProject
Project("{9A19103F-16F7-4668-BE54-9A1E7A4F7556}") = "Ex_RefOut", "Ex-RefOut\Ex_RefOut.csproj", "{98834386-118A-49E0-A2EF-51D34EC4D277}"
EndProject
Project("{9A19103F-16F7-4668-BE54-9A1E7A4F7556}") = "Ex_List", "Ex_List1\Ex_List.csproj", "{281C96BD-8070-45FE-98B1-A98CBC3EE902}"
EndProject
Project("{9A19103F-16F7-4668-BE54-9A1E7A4F7556}") = "Ex_List2", "ConsoleApp1\Ex_List2.csproj", "{41A69D3B-36E0-4A82-986C-8566A91558F1}"
EndProject
Project("{9A19103F-16F7-4668-BE54-9A1E7A4F7556}") = "Ex_Matrices", "Ex_Matrices\Ex_Matrices.csproj", "{D8FD96BD-746A-453F-A260-21F7921475AA}"
EndProject
Project("{9A19103F-16F7-4668-BE54-9A1E7A4F7556}") = "Ex_Matrices2(Search)", "Ex_Matrices2\Ex_Matrices2(Search).csproj", "{E432F1B9-FD4F-4AB8-BAE0-4CB11217CD77}"
EndProject
Project("{FAE04EC0-301F-11D3-BF4B-00C04F79EFBC}") = "Ex_EntradaDeDados", "Ex_EntradaDeDados\Ex_EntradaDeDados.csproj", "{8A1E9F4A-6C92-4CFD-8A63-AC2DC0D33A82}"
EndProject
Project("{FAE04EC0-301F-11D3-BF4B-00C04F79EFBC}") = "Ex_Nullable", "Ex_Nullable\Ex_Nullable.csproj", "{CD33BB82-3E16-49B3-8675-08726844DBED}"
EndProject
Global
	GlobalSection(SolutionConfigurationPlatforms) = preSolution
		Debug|Any CPU = Debug|Any CPU
		Release|Any CPU = Release|Any CPU
	EndGlobalSection
	GlobalSection(ProjectConfigurationPlatforms) = postSolution
		{A4C9CC13-84EA-41AA-A817-6571415A1A03}.Debug|Any CPU.ActiveCfg = Debug|Any CPU
		{A4C9CC13-84EA-41AA-A817-6571415A1A03}.Debug|Any CPU.Build.0 = Debug|Any CPU
		{A4C9CC13-84EA-41AA-A817-6571415A1A03}.Release|Any CPU.ActiveCfg = Release|Any CPU
		{A4C9CC13-84EA-41AA-A817-6571415A1A03}.Release|Any CPU.Build.0 = Release|Any CPU
		{75CC002A-46C5-43B8-888F-D4E68272E649}.Debug|Any CPU.ActiveCfg = Debug|Any CPU
		{75CC002A-46C5-43B8-888F-D4E68272E649}.Debug|Any CPU.Build.0 = Debug|Any CPU
		{75CC002A-46C5-43B8-888F-D4E68272E649}.Release|Any CPU.ActiveCfg = Release|Any CPU
		{75CC002A-46C5-43B8-888F-D4E68272E649}.Release|Any CPU.Build.0 = Release|Any CPU
		{840C55F7-7B5D-4039-8369-E0DDB4709C29}.Debug|Any CPU.ActiveCfg = Debug|Any CPU
		{840C55F7-7B5D-4039-8369-E0DDB4709C29}.Debug|Any CPU.Build.0 = Debug|Any CPU
		{840C55F7-7B5D-4039-8369-E0DDB4709C29}.Release|Any CPU.ActiveCfg = Release|Any CPU
		{840C55F7-7B5D-4039-8369-E0DDB4709C29}.Release|Any CPU.Build.0 = Release|Any CPU
		{FF16E584-7D5D-4060-9336-7437FAB220D0}.Debug|Any CPU.ActiveCfg = Debug|Any CPU
		{FF16E584-7D5D-4060-9336-7437FAB220D0}.Debug|Any CPU.Build.0 = Debug|Any CPU
		{FF16E584-7D5D-4060-9336-7437FAB220D0}.Release|Any CPU.ActiveCfg = Release|Any CPU
		{FF16E584-7D5D-4060-9336-7437FAB220D0}.Release|Any CPU.Build.0 = Release|Any CPU
		{3ECFC7CA-EE61-46F4-B7AA-9A18F2129C5E}.Debug|Any CPU.ActiveCfg = Debug|Any CPU
		{3ECFC7CA-EE61-46F4-B7AA-9A18F2129C5E}.Debug|Any CPU.Build.0 = Debug|Any CPU
		{3ECFC7CA-EE61-46F4-B7AA-9A18F2129C5E}.Release|Any CPU.ActiveCfg = Release|Any CPU
		{3ECFC7CA-EE61-46F4-B7AA-9A18F2129C5E}.Release|Any CPU.Build.0 = Release|Any CPU
		{49F86EA6-DDBF-49FD-90B1-F83D5280C065}.Debug|Any CPU.ActiveCfg = Debug|Any CPU
		{49F86EA6-DDBF-49FD-90B1-F83D5280C065}.Debug|Any CPU.Build.0 = Debug|Any CPU
		{49F86EA6-DDBF-49FD-90B1-F83D5280C065}.Release|Any CPU.ActiveCfg = Release|Any CPU
		{49F86EA6-DDBF-49FD-90B1-F83D5280C065}.Release|Any CPU.Build.0 = Release|Any CPU
		{B47CED1A-20BB-4715-87EF-5208234FC03C}.Debug|Any CPU.ActiveCfg = Debug|Any CPU
		{B47CED1A-20BB-4715-87EF-5208234FC03C}.Debug|Any CPU.Build.0 = Debug|Any CPU
		{B47CED1A-20BB-4715-87EF-5208234FC03C}.Release|Any CPU.ActiveCfg = Release|Any CPU
		{B47CED1A-20BB-4715-87EF-5208234FC03C}.Release|Any CPU.Build.0 = Release|Any CPU
		{D385CFCB-4484-4577-8F18-6F3505B5C404}.Debug|Any CPU.ActiveCfg = Debug|Any CPU
		{D385CFCB-4484-4577-8F18-6F3505B5C404}.Debug|Any CPU.Build.0 = Debug|Any CPU
		{D385CFCB-4484-4577-8F18-6F3505B5C404}.Release|Any CPU.ActiveCfg = Release|Any CPU
		{D385CFCB-4484-4577-8F18-6F3505B5C404}.Release|Any CPU.Build.0 = Release|Any CPU
		{C7EC8320-BDCA-4E2E-9D30-568832F2BB8E}.Debug|Any CPU.ActiveCfg = Debug|Any CPU
		{C7EC8320-BDCA-4E2E-9D30-568832F2BB8E}.Debug|Any CPU.Build.0 = Debug|Any CPU
		{C7EC8320-BDCA-4E2E-9D30-568832F2BB8E}.Release|Any CPU.ActiveCfg = Release|Any CPU
		{C7EC8320-BDCA-4E2E-9D30-568832F2BB8E}.Release|Any CPU.Build.0 = Release|Any CPU
		{92A45BA1-1145-4E7F-9C47-36399A66B279}.Debug|Any CPU.ActiveCfg = Debug|Any CPU
		{92A45BA1-1145-4E7F-9C47-36399A66B279}.Debug|Any CPU.Build.0 = Debug|Any CPU
		{92A45BA1-1145-4E7F-9C47-36399A66B279}.Release|Any CPU.ActiveCfg = Release|Any CPU
		{92A45BA1-1145-4E7F-9C47-36399A66B279}.Release|Any CPU.Build.0 = Release|Any CPU
		{98834386-118A-49E0-A2EF-51D34EC4D277}.Debug|Any CPU.ActiveCfg = Debug|Any CPU
		{98834386-118A-49E0-A2EF-51D34EC4D277}.Debug|Any CPU.Build.0 = Debug|Any CPU
		{98834386-118A-49E0-A2EF-51D34EC4D277}.Release|Any CPU.ActiveCfg = Release|Any CPU
		{98834386-118A-49E0-A2EF-51D34EC4D277}.Release|Any CPU.Build.0 = Release|Any CPU
		{281C96BD-8070-45FE-98B1-A98CBC3EE902}.Debug|Any CPU.ActiveCfg = Debug|Any CPU
		{281C96BD-8070-45FE-98B1-A98CBC3EE902}.Debug|Any CPU.Build.0 = Debug|Any CPU
		{281C96BD-8070-45FE-98B1-A98CBC3EE902}.Release|Any CPU.ActiveCfg = Release|Any CPU
		{281C96BD-8070-45FE-98B1-A98CBC3EE902}.Release|Any CPU.Build.0 = Release|Any CPU
		{41A69D3B-36E0-4A82-986C-8566A91558F1}.Debug|Any CPU.ActiveCfg = Debug|Any CPU
		{41A69D3B-36E0-4A82-986C-8566A91558F1}.Debug|Any CPU.Build.0 = Debug|Any CPU
		{41A69D3B-36E0-4A82-986C-8566A91558F1}.Release|Any CPU.ActiveCfg = Release|Any CPU
		{41A69D3B-36E0-4A82-986C-8566A91558F1}.Release|Any CPU.Build.0 = Release|Any CPU
		{D8FD96BD-746A-453F-A260-21F7921475AA}.Debug|Any CPU.ActiveCfg = Debug|Any CPU
		{D8FD96BD-746A-453F-A260-21F7921475AA}.Debug|Any CPU.Build.0 = Debug|Any CPU
		{D8FD96BD-746A-453F-A260-21F7921475AA}.Release|Any CPU.ActiveCfg = Release|Any CPU
		{D8FD96BD-746A-453F-A260-21F7921475AA}.Release|Any CPU.Build.0 = Release|Any CPU
		{E432F1B9-FD4F-4AB8-BAE0-4CB11217CD77}.Debug|Any CPU.ActiveCfg = Debug|Any CPU
		{E432F1B9-FD4F-4AB8-BAE0-4CB11217CD77}.Debug|Any CPU.Build.0 = Debug|Any CPU
		{E432F1B9-FD4F-4AB8-BAE0-4CB11217CD77}.Release|Any CPU.ActiveCfg = Release|Any CPU
		{E432F1B9-FD4F-4AB8-BAE0-4CB11217CD77}.Release|Any CPU.Build.0 = Release|Any CPU
		{8A1E9F4A-6C92-4CFD-8A63-AC2DC0D33A82}.Debug|Any CPU.ActiveCfg = Debug|Any CPU
		{8A1E9F4A-6C92-4CFD-8A63-AC2DC0D33A82}.Debug|Any CPU.Build.0 = Debug|Any CPU
		{8A1E9F4A-6C92-4CFD-8A63-AC2DC0D33A82}.Release|Any CPU.ActiveCfg = Release|Any CPU
		{8A1E9F4A-6C92-4CFD-8A63-AC2DC0D33A82}.Release|Any CPU.Build.0 = Release|Any CPU
		{CD33BB82-3E16-49B3-8675-08726844DBED}.Debug|Any CPU.ActiveCfg = Debug|Any CPU
		{CD33BB82-3E16-49B3-8675-08726844DBED}.Debug|Any CPU.Build.0 = Debug|Any CPU
		{CD33BB82-3E16-49B3-8675-08726844DBED}.Release|Any CPU.ActiveCfg = Release|Any CPU
		{CD33BB82-3E16-49B3-8675-08726844DBED}.Release|Any CPU.Build.0 = Release|Any CPU
	EndGlobalSection
	GlobalSection(SolutionProperties) = preSolution
		HideSolutionNode = FALSE
	EndGlobalSection
	GlobalSection(NestedProjects) = preSolution
		{A4C9CC13-84EA-41AA-A817-6571415A1A03} = {E0DEDE9D-15FF-4EA6-A7B7-AAC24661606A}
		{75CC002A-46C5-43B8-888F-D4E68272E649} = {E0DEDE9D-15FF-4EA6-A7B7-AAC24661606A}
		{840C55F7-7B5D-4039-8369-E0DDB4709C29} = {E0DEDE9D-15FF-4EA6-A7B7-AAC24661606A}
		{FF16E584-7D5D-4060-9336-7437FAB220D0} = {E0DEDE9D-15FF-4EA6-A7B7-AAC24661606A}
		{3ECFC7CA-EE61-46F4-B7AA-9A18F2129C5E} = {E0DEDE9D-15FF-4EA6-A7B7-AAC24661606A}
		{49F86EA6-DDBF-49FD-90B1-F83D5280C065} = {AAFBE77C-3319-4AE1-A52B-323F0A354C3A}
		{B47CED1A-20BB-4715-87EF-5208234FC03C} = {AAFBE77C-3319-4AE1-A52B-323F0A354C3A}
		{D385CFCB-4484-4577-8F18-6F3505B5C404} = {AAFBE77C-3319-4AE1-A52B-323F0A354C3A}
		{C7EC8320-BDCA-4E2E-9D30-568832F2BB8E} = {06BBBE13-CC95-49C2-8B10-944EBE8ACF5D}
		{92A45BA1-1145-4E7F-9C47-36399A66B279} = {E238D4DF-7090-4CA5-ACF2-2EFE159DFCC5}
		{98834386-118A-49E0-A2EF-51D34EC4D277} = {E238D4DF-7090-4CA5-ACF2-2EFE159DFCC5}
		{281C96BD-8070-45FE-98B1-A98CBC3EE902} = {E238D4DF-7090-4CA5-ACF2-2EFE159DFCC5}
		{41A69D3B-36E0-4A82-986C-8566A91558F1} = {E238D4DF-7090-4CA5-ACF2-2EFE159DFCC5}
		{D8FD96BD-746A-453F-A260-21F7921475AA} = {E238D4DF-7090-4CA5-ACF2-2EFE159DFCC5}
		{E432F1B9-FD4F-4AB8-BAE0-4CB11217CD77} = {E238D4DF-7090-4CA5-ACF2-2EFE159DFCC5}
		{8A1E9F4A-6C92-4CFD-8A63-AC2DC0D33A82} = {E0DEDE9D-15FF-4EA6-A7B7-AAC24661606A}
		{CD33BB82-3E16-49B3-8675-08726844DBED} = {E238D4DF-7090-4CA5-ACF2-2EFE159DFCC5}
	EndGlobalSection
	GlobalSection(ExtensibilityGlobals) = postSolution
		SolutionGuid = {A4317AD7-03B0-4916-B5F2-4A3A1A2701C0}
	EndGlobalSection
EndGlobal
