
Microsoft Visual Studio Solution File, Format Version 12.00
# Visual Studio Version 17
VisualStudioVersion = 17.10.35013.160
MinimumVisualStudioVersion = 10.0.40219.1
Project("{2150E333-8FDC-42A3-9474-1A3956D46DE8}") = "Modulo 3", "Modulo 3", "{E0DEDE9D-15FF-4EA6-A7B7-AAC24661606A}"
EndProject
Project("{2150E333-8FDC-42A3-9474-1A3956D46DE8}") = "Modulo 4", "Modulo 4", "{AAFBE77C-3319-4AE1-A52B-323F0A354C3A}"
EndProject
Project("{2150E333-8FDC-42A3-9474-1A3956D46DE8}") = "Modulo 5", "Modulo 5", "{06BBBE13-CC95-49C2-8B10-944EBE8ACF5D}"
EndProject
Project("{2150E333-8FDC-42A3-9474-1A3956D46DE8}") = "Modulo 6", "Modulo 6", "{E238D4DF-7090-4CA5-ACF2-2EFE159DFCC5}"
EndProject
Project("{9A19103F-16F7-4668-BE54-9A1E7A4F7556}") = "Ex_EntradaDeDados", "Modulo 3\Ex_EntradaDeDados\Ex_EntradaDeDados.csproj", "{9D918DFE-B06D-4BA9-93C9-0B7C99F68F74}"
EndProject
Project("{9A19103F-16F7-4668-BE54-9A1E7A4F7556}") = "Ex_IfElse", "Modulo 3\Ex_IfElse\Ex_IfElse.csproj", "{E1FCCC7E-FA7E-4481-BB46-0B27EF45EB5D}"
EndProject
Project("{9A19103F-16F7-4668-BE54-9A1E7A4F7556}") = "Ex_For", "Modulo 3\Ex_For\Ex_For.csproj", "{D64CB926-DBAF-4350-83C0-80A6427CE1A5}"
EndProject
Project("{9A19103F-16F7-4668-BE54-9A1E7A4F7556}") = "HelloWorld", "Modulo 3\HelloWorld\HelloWorld.csproj", "{B77AB0B4-40BB-488C-8FE0-14EDA76EB4F6}"
EndProject
Project("{9A19103F-16F7-4668-BE54-9A1E7A4F7556}") = "Ex_While", "Modulo 3\Ex_While\Ex_While.csproj", "{07CCAB80-4EC4-4A63-ACF2-711F943001E5}"
EndProject
Project("{9A19103F-16F7-4668-BE54-9A1E7A4F7556}") = "Ex1(OOP)", "Modulo 4\Ex1(OOP)\Ex1(OOP).csproj", "{A8E305A8-790C-445E-BA64-4B73F545885F}"
EndProject
Project("{9A19103F-16F7-4668-BE54-9A1E7A4F7556}") = "Ex3(OOP)", "Modulo 4\Ex3(OOP)\Ex3(OOP).csproj", "{17DAAF9D-0AB3-495E-A562-B949E380D3F2}"
EndProject
Project("{9A19103F-16F7-4668-BE54-9A1E7A4F7556}") = "ProblemaProduto(OOP)", "Modulo 4\ProblemaProduto(OOP)\ProblemaProduto(OOP).csproj", "{95E163FB-A3D0-40AD-B8F5-022EEEE5C6C0}"
EndProject
Project("{9A19103F-16F7-4668-BE54-9A1E7A4F7556}") = "Ex_List", "Modulo 6\Ex_List\Ex_List.csproj", "{CBF59F67-771C-45EE-82EF-50DEDAC6B3F3}"
EndProject
Project("{9A19103F-16F7-4668-BE54-9A1E7A4F7556}") = "Ex_List2", "Modulo 6\Ex_List2\Ex_List2.csproj", "{9AF64CC0-49D3-4F3A-A83B-77EBA83F148C}"
EndProject
Project("{9A19103F-16F7-4668-BE54-9A1E7A4F7556}") = "Ex_Matrices", "Modulo 6\Ex_Matrices\Ex_Matrices.csproj", "{20DF9984-CD0A-4859-BD60-979E8033051F}"
EndProject
Project("{9A19103F-16F7-4668-BE54-9A1E7A4F7556}") = "Ex_Matrices2(Search)", "Modulo 6\Ex_Matrices2\Ex_Matrices2(Search).csproj", "{CDC43F46-EA02-401B-AEC6-1151C71F88A7}"
EndProject
Project("{9A19103F-16F7-4668-BE54-9A1E7A4F7556}") = "Ex_Nullable", "Modulo 6\Ex_Nullable\Ex_Nullable.csproj", "{9F47AE6C-553C-456E-806E-8AC110E831BF}"
EndProject
Project("{9A19103F-16F7-4668-BE54-9A1E7A4F7556}") = "Ex_RefOut", "Modulo 6\Ex_RefOut\Ex_RefOut.csproj", "{CA85B02F-F01F-477F-84C3-7AB2A8BA530F}"
EndProject
Project("{9A19103F-16F7-4668-BE54-9A1E7A4F7556}") = "Ex_Vetores", "Modulo 6\Ex_Vetores\Ex_Vetores.csproj", "{C84E0086-067D-4EA7-B925-9DD6FE14BFCB}"
EndProject
Project("{2150E333-8FDC-42A3-9474-1A3956D46DE8}") = "Modulo 7", "Modulo 7", "{5E94BB94-D27E-4030-812D-0FE7283B074E}"
EndProject
Project("{9A19103F-16F7-4668-BE54-9A1E7A4F7556}") = "Ex_DateTime", "Ex_DateTime\Ex_DateTime.csproj", "{6905FA6E-41DE-4982-99F0-368859491FAE}"
EndProject
Project("{2150E333-8FDC-42A3-9474-1A3956D46DE8}") = "Modulo 9", "Modulo 9", "{1E68B5D7-6CE2-4FC7-B6BB-448D76C21F0A}"
EndProject
Project("{9A19103F-16F7-4668-BE54-9A1E7A4F7556}") = "Ex_Enum", "Ex_Enum\Ex_Enum.csproj", "{74ABCC7D-EB90-4065-BF1B-2C9792D79E35}"
EndProject
Project("{9A19103F-16F7-4668-BE54-9A1E7A4F7556}") = "Ex_TimeSpan", "Ex_TimeSpan\Ex_TimeSpan.csproj", "{EE9BEB37-4B17-4EF3-A4FF-048EF94AEEFC}"
EndProject
Project("{9A19103F-16F7-4668-BE54-9A1E7A4F7556}") = "Ex_DinamicaDeClasses", "Ex_DinamicaDeClasses\Ex_DinamicaDeClasses.csproj", "{37CA3F4B-59AE-496D-97EF-80387D64C578}"
EndProject
Project("{2150E333-8FDC-42A3-9474-1A3956D46DE8}") = "Modulo 10", "Modulo 10", "{A31707E2-573A-4339-AAFE-FD9B322EF5CA}"
EndProject
Project("{9A19103F-16F7-4668-BE54-9A1E7A4F7556}") = "Ex_UpcastingDowncasting", "Ex_UpcastingDowncasting\Ex_UpcastingDowncasting.csproj", "{739519E7-9662-4BAC-ACF2-398A50BC3082}"
EndProject
Project("{2150E333-8FDC-42A3-9474-1A3956D46DE8}") = "Modulo 11", "Modulo 11", "{F9ADE3A4-025F-4F1E-B2DA-540C58738B53}"
EndProject
Project("{9A19103F-16F7-4668-BE54-9A1E7A4F7556}") = "Ex_TryCatchFinally", "Ex_TryCatch\Ex_TryCatchFinally.csproj", "{024A28F1-9AB6-4E3B-8333-D349F51277CF}"
EndProject
Project("{2150E333-8FDC-42A3-9474-1A3956D46DE8}") = "Ex_Extra", "Ex_Extra", "{EF0A5826-D25B-4509-9E52-1624752D137B}"
EndProject
Project("{9A19103F-16F7-4668-BE54-9A1E7A4F7556}") = "Ex_Extra", "Ex_Extra\Ex_Extra.csproj", "{C9B014D7-4B0A-4DBF-B73A-163003D7818A}"
EndProject
Project("{2150E333-8FDC-42A3-9474-1A3956D46DE8}") = "Modulo 13", "Modulo 13", "{C0BDFEF4-E987-4D23-93CC-9D5AAA01F55D}"
EndProject
Project("{9A19103F-16F7-4668-BE54-9A1E7A4F7556}") = "Ex_FIleFileInfo", "Ex_FIleManipulation\Ex_FIleFileInfo.csproj", "{A784DC63-0CF2-4E3E-A3FD-A4A48BC79F8F}"
EndProject
Project("{9A19103F-16F7-4668-BE54-9A1E7A4F7556}") = "Ex_FileStreamStreamReader", "Ex_FileStreamStreamReader\Ex_FileStreamStreamReader.csproj", "{6370F9C0-5485-4B65-862B-1A92520FA1A2}"
EndProject
Project("{9A19103F-16F7-4668-BE54-9A1E7A4F7556}") = "Ex_BlocoUsing", "Ex_BlocoUsing\Ex_BlocoUsing.csproj", "{B656C30A-630D-4E47-BFDA-550C3E7AABEC}"
EndProject
Project("{9A19103F-16F7-4668-BE54-9A1E7A4F7556}") = "Ex_StreamReader", "Ex_StreamReader\Ex_StreamReader.csproj", "{C89F7542-AC0C-4346-9AC8-ED5F51ABE2AB}"
EndProject
Project("{9A19103F-16F7-4668-BE54-9A1E7A4F7556}") = "Ex_Directory", "Ex_Directory\Ex_Directory.csproj", "{390BD12D-F4A1-47D0-94EF-7F776505F4EE}"
EndProject
Project("{9A19103F-16F7-4668-BE54-9A1E7A4F7556}") = "Ex_Path", "Ex_Path\Ex_Path.csproj", "{0510C4BA-9B6F-477E-9D8C-5D35187B284C}"
EndProject
Project("{9A19103F-16F7-4668-BE54-9A1E7A4F7556}") = "Ex1(Files)", "Ex1(Files)\Ex1(Files).csproj", "{67050760-2634-4845-8122-982A5CE9AC01}"
EndProject
Project("{2150E333-8FDC-42A3-9474-1A3956D46DE8}") = "Modulo 14", "Modulo 14", "{28F8E7E2-305A-4AC1-A363-3B4B11CF698B}"
EndProject
Project("{9A19103F-16F7-4668-BE54-9A1E7A4F7556}") = "Ex1(Interfaces)", "Ex1(Interfaces)\Ex1(Interfaces).csproj", "{1A47915C-7455-4084-A5D0-BAD39626E1C9}"
EndProject
Project("{9A19103F-16F7-4668-BE54-9A1E7A4F7556}") = "Ex_IComparable", "Ex_IComparable\Ex_IComparable.csproj", "{DA07974F-D973-4DB8-B168-9FF1050A378C}"
EndProject
Project("{2150E333-8FDC-42A3-9474-1A3956D46DE8}") = "Modulo 15", "Modulo 15", "{ECFCA0FA-B6D9-4C61-99AC-33B1CF687BAD}"
EndProject
Project("{9A19103F-16F7-4668-BE54-9A1E7A4F7556}") = "Ex1(Generics)", "Ex1(Generics)\Ex1(Generics).csproj", "{6E255CD3-0892-43B5-AF13-6FCEF1D6739B}"
EndProject
Project("{9A19103F-16F7-4668-BE54-9A1E7A4F7556}") = "Ex2(Generics)", "Ex2(Generics)\Ex2(Generics).csproj", "{78BD3BEE-C79E-4596-BE64-AE45ED42C05D}"
EndProject
Project("{9A19103F-16F7-4668-BE54-9A1E7A4F7556}") = "Ex_GetHashCode-Equals", "Ex_GetHashCode-Equals\Ex_GetHashCode-Equals.csproj", "{4D60F121-34EC-4171-93D4-E635F914C3F7}"
EndProject
Project("{9A19103F-16F7-4668-BE54-9A1E7A4F7556}") = "Ex_HashESortedSet", "Ex_HashESortedSet\Ex_HashESortedSet.csproj", "{A8CD7DCB-E250-4B5C-A6DF-D80A5E058D99}"
EndProject
Project("{9A19103F-16F7-4668-BE54-9A1E7A4F7556}") = "Ex_TestandoIgualdadeHash", "Ex_TestandoIgualdadeHash\Ex_TestandoIgualdadeHash.csproj", "{D4389C8D-5392-4BC7-BCEB-45D6A5743B06}"
EndProject
Project("{9A19103F-16F7-4668-BE54-9A1E7A4F7556}") = "TestProject1", "TestProject1\TestProject1.csproj", "{33A98C54-01AF-4C42-A310-D087DFC0642F}"
EndProject
Project("{9A19103F-16F7-4668-BE54-9A1E7A4F7556}") = "Ex_DictSortedDict", "Ex_DictSortedDict\Ex_DictSortedDict.csproj", "{C8321C91-8092-454D-95B3-E03805E0459E}"
EndProject
Project("{2150E333-8FDC-42A3-9474-1A3956D46DE8}") = "Modulo 16", "Modulo 16", "{34745D08-B535-4B7F-9623-AA624BCF4665}"
EndProject
Project("{9A19103F-16F7-4668-BE54-9A1E7A4F7556}") = "Ex_ExtensionMethods", "Ex_ExtensionMethods\Ex_ExtensionMethods.csproj", "{49DD548E-5690-45F1-9814-7D18037EDC17}"
EndProject
Project("{2150E333-8FDC-42A3-9474-1A3956D46DE8}") = "Modulo 17", "Modulo 17", "{E35E5114-6E1C-4654-BCD5-258E0FB9B984}"
EndProject
Project("{9A19103F-16F7-4668-BE54-9A1E7A4F7556}") = "Ex_Delegates", "Ex_Comparison\Ex_Delegates.csproj", "{0D3A1C49-2E87-40C6-9980-889241C71E10}"
EndProject
Project("{9A19103F-16F7-4668-BE54-9A1E7A4F7556}") = "Ex_Linq", "Ex_Linq\Ex_Linq.csproj", "{99A2C393-0808-49C4-A8AA-6389CEF49712}"
EndProject
Project("{9A19103F-16F7-4668-BE54-9A1E7A4F7556}") = "Ex_Record", "Ex_Record\Ex_Record.csproj", "{CBB4F957-54EB-4A31-994E-53E9A9FB462C}"
EndProject
Project("{9A19103F-16F7-4668-BE54-9A1E7A4F7556}") = "Ex_Sobreposição", "Ex_Sobreposição\Ex_Sobreposição.csproj", "{3A96B817-3FE5-4AA4-8C81-69B6A3BB43AB}"
EndProject
Project("{9A19103F-16F7-4668-BE54-9A1E7A4F7556}") = "Ex1(HerançaPolimorfirsmo)", "Ex1(HerançaPolimorfirsmo)\Ex1(HerançaPolimorfirsmo).csproj", "{D9E39EB8-97EE-4C32-BE18-A00DC83FE0AB}"
EndProject
Project("{9A19103F-16F7-4668-BE54-9A1E7A4F7556}") = "Ex_ExceçõesPersonalizadas", "Ex_ExceçõesPersonalizadas\Ex_ExceçõesPersonalizadas.csproj", "{1F3A049D-CCCA-47C4-A38B-73CC534AF3EE}"
EndProject
Project("{9A19103F-16F7-4668-BE54-9A1E7A4F7556}") = "Ex_HerançaMultipla", "Ex_HerançaMultipla\Ex_HerançaMultipla.csproj", "{D4F8018D-5843-49D2-AD95-B769B544C39D}"
EndProject
Project("{9A19103F-16F7-4668-BE54-9A1E7A4F7556}") = "Ex_TiposDeDadosBásicos", "Modulo 3\Ex_TiposDeDadosBásicos\Ex_TiposDeDadosBásicos.csproj", "{915DC4A9-7F0F-4AF4-A673-866FE2D04B04}"
EndProject
Project("{9A19103F-16F7-4668-BE54-9A1E7A4F7556}") = "Ex_ContaBancária", "Modulo 5\Ex_ContaBancária\Ex_ContaBancária.csproj", "{6D5D4518-2A90-4751-81DC-821BB548EC19}"
EndProject
Project("{9A19103F-16F7-4668-BE54-9A1E7A4F7556}") = "Ex_CondTernária", "Modulo 7\Ex_CondTernária\Ex_CondTernária.csproj", "{A566BACE-CECA-4865-A162-8160F4DB0BAF}"
EndProject
Global
	GlobalSection(SolutionConfigurationPlatforms) = preSolution
		Debug|Any CPU = Debug|Any CPU
		Release|Any CPU = Release|Any CPU
	EndGlobalSection
	GlobalSection(ProjectConfigurationPlatforms) = postSolution
		{9D918DFE-B06D-4BA9-93C9-0B7C99F68F74}.Debug|Any CPU.ActiveCfg = Debug|Any CPU
		{9D918DFE-B06D-4BA9-93C9-0B7C99F68F74}.Debug|Any CPU.Build.0 = Debug|Any CPU
		{9D918DFE-B06D-4BA9-93C9-0B7C99F68F74}.Release|Any CPU.ActiveCfg = Release|Any CPU
		{9D918DFE-B06D-4BA9-93C9-0B7C99F68F74}.Release|Any CPU.Build.0 = Release|Any CPU
		{E1FCCC7E-FA7E-4481-BB46-0B27EF45EB5D}.Debug|Any CPU.ActiveCfg = Debug|Any CPU
		{E1FCCC7E-FA7E-4481-BB46-0B27EF45EB5D}.Debug|Any CPU.Build.0 = Debug|Any CPU
		{E1FCCC7E-FA7E-4481-BB46-0B27EF45EB5D}.Release|Any CPU.ActiveCfg = Release|Any CPU
		{E1FCCC7E-FA7E-4481-BB46-0B27EF45EB5D}.Release|Any CPU.Build.0 = Release|Any CPU
		{D64CB926-DBAF-4350-83C0-80A6427CE1A5}.Debug|Any CPU.ActiveCfg = Debug|Any CPU
		{D64CB926-DBAF-4350-83C0-80A6427CE1A5}.Debug|Any CPU.Build.0 = Debug|Any CPU
		{D64CB926-DBAF-4350-83C0-80A6427CE1A5}.Release|Any CPU.ActiveCfg = Release|Any CPU
		{D64CB926-DBAF-4350-83C0-80A6427CE1A5}.Release|Any CPU.Build.0 = Release|Any CPU
		{B77AB0B4-40BB-488C-8FE0-14EDA76EB4F6}.Debug|Any CPU.ActiveCfg = Debug|Any CPU
		{B77AB0B4-40BB-488C-8FE0-14EDA76EB4F6}.Debug|Any CPU.Build.0 = Debug|Any CPU
		{B77AB0B4-40BB-488C-8FE0-14EDA76EB4F6}.Release|Any CPU.ActiveCfg = Release|Any CPU
		{B77AB0B4-40BB-488C-8FE0-14EDA76EB4F6}.Release|Any CPU.Build.0 = Release|Any CPU
		{07CCAB80-4EC4-4A63-ACF2-711F943001E5}.Debug|Any CPU.ActiveCfg = Debug|Any CPU
		{07CCAB80-4EC4-4A63-ACF2-711F943001E5}.Debug|Any CPU.Build.0 = Debug|Any CPU
		{07CCAB80-4EC4-4A63-ACF2-711F943001E5}.Release|Any CPU.ActiveCfg = Release|Any CPU
		{07CCAB80-4EC4-4A63-ACF2-711F943001E5}.Release|Any CPU.Build.0 = Release|Any CPU
		{A8E305A8-790C-445E-BA64-4B73F545885F}.Debug|Any CPU.ActiveCfg = Debug|Any CPU
		{A8E305A8-790C-445E-BA64-4B73F545885F}.Debug|Any CPU.Build.0 = Debug|Any CPU
		{A8E305A8-790C-445E-BA64-4B73F545885F}.Release|Any CPU.ActiveCfg = Release|Any CPU
		{A8E305A8-790C-445E-BA64-4B73F545885F}.Release|Any CPU.Build.0 = Release|Any CPU
		{17DAAF9D-0AB3-495E-A562-B949E380D3F2}.Debug|Any CPU.ActiveCfg = Debug|Any CPU
		{17DAAF9D-0AB3-495E-A562-B949E380D3F2}.Debug|Any CPU.Build.0 = Debug|Any CPU
		{17DAAF9D-0AB3-495E-A562-B949E380D3F2}.Release|Any CPU.ActiveCfg = Release|Any CPU
		{17DAAF9D-0AB3-495E-A562-B949E380D3F2}.Release|Any CPU.Build.0 = Release|Any CPU
		{95E163FB-A3D0-40AD-B8F5-022EEEE5C6C0}.Debug|Any CPU.ActiveCfg = Debug|Any CPU
		{95E163FB-A3D0-40AD-B8F5-022EEEE5C6C0}.Debug|Any CPU.Build.0 = Debug|Any CPU
		{95E163FB-A3D0-40AD-B8F5-022EEEE5C6C0}.Release|Any CPU.ActiveCfg = Release|Any CPU
		{95E163FB-A3D0-40AD-B8F5-022EEEE5C6C0}.Release|Any CPU.Build.0 = Release|Any CPU
		{CBF59F67-771C-45EE-82EF-50DEDAC6B3F3}.Debug|Any CPU.ActiveCfg = Debug|Any CPU
		{CBF59F67-771C-45EE-82EF-50DEDAC6B3F3}.Debug|Any CPU.Build.0 = Debug|Any CPU
		{CBF59F67-771C-45EE-82EF-50DEDAC6B3F3}.Release|Any CPU.ActiveCfg = Release|Any CPU
		{CBF59F67-771C-45EE-82EF-50DEDAC6B3F3}.Release|Any CPU.Build.0 = Release|Any CPU
		{9AF64CC0-49D3-4F3A-A83B-77EBA83F148C}.Debug|Any CPU.ActiveCfg = Debug|Any CPU
		{9AF64CC0-49D3-4F3A-A83B-77EBA83F148C}.Debug|Any CPU.Build.0 = Debug|Any CPU
		{9AF64CC0-49D3-4F3A-A83B-77EBA83F148C}.Release|Any CPU.ActiveCfg = Release|Any CPU
		{9AF64CC0-49D3-4F3A-A83B-77EBA83F148C}.Release|Any CPU.Build.0 = Release|Any CPU
		{20DF9984-CD0A-4859-BD60-979E8033051F}.Debug|Any CPU.ActiveCfg = Debug|Any CPU
		{20DF9984-CD0A-4859-BD60-979E8033051F}.Debug|Any CPU.Build.0 = Debug|Any CPU
		{20DF9984-CD0A-4859-BD60-979E8033051F}.Release|Any CPU.ActiveCfg = Release|Any CPU
		{20DF9984-CD0A-4859-BD60-979E8033051F}.Release|Any CPU.Build.0 = Release|Any CPU
		{CDC43F46-EA02-401B-AEC6-1151C71F88A7}.Debug|Any CPU.ActiveCfg = Debug|Any CPU
		{CDC43F46-EA02-401B-AEC6-1151C71F88A7}.Debug|Any CPU.Build.0 = Debug|Any CPU
		{CDC43F46-EA02-401B-AEC6-1151C71F88A7}.Release|Any CPU.ActiveCfg = Release|Any CPU
		{CDC43F46-EA02-401B-AEC6-1151C71F88A7}.Release|Any CPU.Build.0 = Release|Any CPU
		{9F47AE6C-553C-456E-806E-8AC110E831BF}.Debug|Any CPU.ActiveCfg = Debug|Any CPU
		{9F47AE6C-553C-456E-806E-8AC110E831BF}.Debug|Any CPU.Build.0 = Debug|Any CPU
		{9F47AE6C-553C-456E-806E-8AC110E831BF}.Release|Any CPU.ActiveCfg = Release|Any CPU
		{9F47AE6C-553C-456E-806E-8AC110E831BF}.Release|Any CPU.Build.0 = Release|Any CPU
		{CA85B02F-F01F-477F-84C3-7AB2A8BA530F}.Debug|Any CPU.ActiveCfg = Debug|Any CPU
		{CA85B02F-F01F-477F-84C3-7AB2A8BA530F}.Debug|Any CPU.Build.0 = Debug|Any CPU
		{CA85B02F-F01F-477F-84C3-7AB2A8BA530F}.Release|Any CPU.ActiveCfg = Release|Any CPU
		{CA85B02F-F01F-477F-84C3-7AB2A8BA530F}.Release|Any CPU.Build.0 = Release|Any CPU
		{C84E0086-067D-4EA7-B925-9DD6FE14BFCB}.Debug|Any CPU.ActiveCfg = Debug|Any CPU
		{C84E0086-067D-4EA7-B925-9DD6FE14BFCB}.Debug|Any CPU.Build.0 = Debug|Any CPU
		{C84E0086-067D-4EA7-B925-9DD6FE14BFCB}.Release|Any CPU.ActiveCfg = Release|Any CPU
		{C84E0086-067D-4EA7-B925-9DD6FE14BFCB}.Release|Any CPU.Build.0 = Release|Any CPU
		{6905FA6E-41DE-4982-99F0-368859491FAE}.Debug|Any CPU.ActiveCfg = Debug|Any CPU
		{6905FA6E-41DE-4982-99F0-368859491FAE}.Debug|Any CPU.Build.0 = Debug|Any CPU
		{6905FA6E-41DE-4982-99F0-368859491FAE}.Release|Any CPU.ActiveCfg = Release|Any CPU
		{6905FA6E-41DE-4982-99F0-368859491FAE}.Release|Any CPU.Build.0 = Release|Any CPU
		{74ABCC7D-EB90-4065-BF1B-2C9792D79E35}.Debug|Any CPU.ActiveCfg = Debug|Any CPU
		{74ABCC7D-EB90-4065-BF1B-2C9792D79E35}.Debug|Any CPU.Build.0 = Debug|Any CPU
		{74ABCC7D-EB90-4065-BF1B-2C9792D79E35}.Release|Any CPU.ActiveCfg = Release|Any CPU
		{74ABCC7D-EB90-4065-BF1B-2C9792D79E35}.Release|Any CPU.Build.0 = Release|Any CPU
		{EE9BEB37-4B17-4EF3-A4FF-048EF94AEEFC}.Debug|Any CPU.ActiveCfg = Debug|Any CPU
		{EE9BEB37-4B17-4EF3-A4FF-048EF94AEEFC}.Debug|Any CPU.Build.0 = Debug|Any CPU
		{EE9BEB37-4B17-4EF3-A4FF-048EF94AEEFC}.Release|Any CPU.ActiveCfg = Release|Any CPU
		{EE9BEB37-4B17-4EF3-A4FF-048EF94AEEFC}.Release|Any CPU.Build.0 = Release|Any CPU
		{37CA3F4B-59AE-496D-97EF-80387D64C578}.Debug|Any CPU.ActiveCfg = Debug|Any CPU
		{37CA3F4B-59AE-496D-97EF-80387D64C578}.Debug|Any CPU.Build.0 = Debug|Any CPU
		{37CA3F4B-59AE-496D-97EF-80387D64C578}.Release|Any CPU.ActiveCfg = Release|Any CPU
		{37CA3F4B-59AE-496D-97EF-80387D64C578}.Release|Any CPU.Build.0 = Release|Any CPU
		{739519E7-9662-4BAC-ACF2-398A50BC3082}.Debug|Any CPU.ActiveCfg = Debug|Any CPU
		{739519E7-9662-4BAC-ACF2-398A50BC3082}.Debug|Any CPU.Build.0 = Debug|Any CPU
		{739519E7-9662-4BAC-ACF2-398A50BC3082}.Release|Any CPU.ActiveCfg = Release|Any CPU
		{739519E7-9662-4BAC-ACF2-398A50BC3082}.Release|Any CPU.Build.0 = Release|Any CPU
		{024A28F1-9AB6-4E3B-8333-D349F51277CF}.Debug|Any CPU.ActiveCfg = Debug|Any CPU
		{024A28F1-9AB6-4E3B-8333-D349F51277CF}.Debug|Any CPU.Build.0 = Debug|Any CPU
		{024A28F1-9AB6-4E3B-8333-D349F51277CF}.Release|Any CPU.ActiveCfg = Release|Any CPU
		{024A28F1-9AB6-4E3B-8333-D349F51277CF}.Release|Any CPU.Build.0 = Release|Any CPU
		{C9B014D7-4B0A-4DBF-B73A-163003D7818A}.Debug|Any CPU.ActiveCfg = Debug|Any CPU
		{C9B014D7-4B0A-4DBF-B73A-163003D7818A}.Debug|Any CPU.Build.0 = Debug|Any CPU
		{C9B014D7-4B0A-4DBF-B73A-163003D7818A}.Release|Any CPU.ActiveCfg = Release|Any CPU
		{C9B014D7-4B0A-4DBF-B73A-163003D7818A}.Release|Any CPU.Build.0 = Release|Any CPU
		{A784DC63-0CF2-4E3E-A3FD-A4A48BC79F8F}.Debug|Any CPU.ActiveCfg = Debug|Any CPU
		{A784DC63-0CF2-4E3E-A3FD-A4A48BC79F8F}.Debug|Any CPU.Build.0 = Debug|Any CPU
		{A784DC63-0CF2-4E3E-A3FD-A4A48BC79F8F}.Release|Any CPU.ActiveCfg = Release|Any CPU
		{A784DC63-0CF2-4E3E-A3FD-A4A48BC79F8F}.Release|Any CPU.Build.0 = Release|Any CPU
		{6370F9C0-5485-4B65-862B-1A92520FA1A2}.Debug|Any CPU.ActiveCfg = Debug|Any CPU
		{6370F9C0-5485-4B65-862B-1A92520FA1A2}.Debug|Any CPU.Build.0 = Debug|Any CPU
		{6370F9C0-5485-4B65-862B-1A92520FA1A2}.Release|Any CPU.ActiveCfg = Release|Any CPU
		{6370F9C0-5485-4B65-862B-1A92520FA1A2}.Release|Any CPU.Build.0 = Release|Any CPU
		{B656C30A-630D-4E47-BFDA-550C3E7AABEC}.Debug|Any CPU.ActiveCfg = Debug|Any CPU
		{B656C30A-630D-4E47-BFDA-550C3E7AABEC}.Debug|Any CPU.Build.0 = Debug|Any CPU
		{B656C30A-630D-4E47-BFDA-550C3E7AABEC}.Release|Any CPU.ActiveCfg = Release|Any CPU
		{B656C30A-630D-4E47-BFDA-550C3E7AABEC}.Release|Any CPU.Build.0 = Release|Any CPU
		{C89F7542-AC0C-4346-9AC8-ED5F51ABE2AB}.Debug|Any CPU.ActiveCfg = Debug|Any CPU
		{C89F7542-AC0C-4346-9AC8-ED5F51ABE2AB}.Debug|Any CPU.Build.0 = Debug|Any CPU
		{C89F7542-AC0C-4346-9AC8-ED5F51ABE2AB}.Release|Any CPU.ActiveCfg = Release|Any CPU
		{C89F7542-AC0C-4346-9AC8-ED5F51ABE2AB}.Release|Any CPU.Build.0 = Release|Any CPU
		{390BD12D-F4A1-47D0-94EF-7F776505F4EE}.Debug|Any CPU.ActiveCfg = Debug|Any CPU
		{390BD12D-F4A1-47D0-94EF-7F776505F4EE}.Debug|Any CPU.Build.0 = Debug|Any CPU
		{390BD12D-F4A1-47D0-94EF-7F776505F4EE}.Release|Any CPU.ActiveCfg = Release|Any CPU
		{390BD12D-F4A1-47D0-94EF-7F776505F4EE}.Release|Any CPU.Build.0 = Release|Any CPU
		{0510C4BA-9B6F-477E-9D8C-5D35187B284C}.Debug|Any CPU.ActiveCfg = Debug|Any CPU
		{0510C4BA-9B6F-477E-9D8C-5D35187B284C}.Debug|Any CPU.Build.0 = Debug|Any CPU
		{0510C4BA-9B6F-477E-9D8C-5D35187B284C}.Release|Any CPU.ActiveCfg = Release|Any CPU
		{0510C4BA-9B6F-477E-9D8C-5D35187B284C}.Release|Any CPU.Build.0 = Release|Any CPU
		{67050760-2634-4845-8122-982A5CE9AC01}.Debug|Any CPU.ActiveCfg = Debug|Any CPU
		{67050760-2634-4845-8122-982A5CE9AC01}.Debug|Any CPU.Build.0 = Debug|Any CPU
		{67050760-2634-4845-8122-982A5CE9AC01}.Release|Any CPU.ActiveCfg = Release|Any CPU
		{67050760-2634-4845-8122-982A5CE9AC01}.Release|Any CPU.Build.0 = Release|Any CPU
		{1A47915C-7455-4084-A5D0-BAD39626E1C9}.Debug|Any CPU.ActiveCfg = Debug|Any CPU
		{1A47915C-7455-4084-A5D0-BAD39626E1C9}.Debug|Any CPU.Build.0 = Debug|Any CPU
		{1A47915C-7455-4084-A5D0-BAD39626E1C9}.Release|Any CPU.ActiveCfg = Release|Any CPU
		{1A47915C-7455-4084-A5D0-BAD39626E1C9}.Release|Any CPU.Build.0 = Release|Any CPU
		{DA07974F-D973-4DB8-B168-9FF1050A378C}.Debug|Any CPU.ActiveCfg = Debug|Any CPU
		{DA07974F-D973-4DB8-B168-9FF1050A378C}.Debug|Any CPU.Build.0 = Debug|Any CPU
		{DA07974F-D973-4DB8-B168-9FF1050A378C}.Release|Any CPU.ActiveCfg = Release|Any CPU
		{DA07974F-D973-4DB8-B168-9FF1050A378C}.Release|Any CPU.Build.0 = Release|Any CPU
		{6E255CD3-0892-43B5-AF13-6FCEF1D6739B}.Debug|Any CPU.ActiveCfg = Debug|Any CPU
		{6E255CD3-0892-43B5-AF13-6FCEF1D6739B}.Debug|Any CPU.Build.0 = Debug|Any CPU
		{6E255CD3-0892-43B5-AF13-6FCEF1D6739B}.Release|Any CPU.ActiveCfg = Release|Any CPU
		{6E255CD3-0892-43B5-AF13-6FCEF1D6739B}.Release|Any CPU.Build.0 = Release|Any CPU
		{78BD3BEE-C79E-4596-BE64-AE45ED42C05D}.Debug|Any CPU.ActiveCfg = Debug|Any CPU
		{78BD3BEE-C79E-4596-BE64-AE45ED42C05D}.Debug|Any CPU.Build.0 = Debug|Any CPU
		{78BD3BEE-C79E-4596-BE64-AE45ED42C05D}.Release|Any CPU.ActiveCfg = Release|Any CPU
		{78BD3BEE-C79E-4596-BE64-AE45ED42C05D}.Release|Any CPU.Build.0 = Release|Any CPU
		{4D60F121-34EC-4171-93D4-E635F914C3F7}.Debug|Any CPU.ActiveCfg = Debug|Any CPU
		{4D60F121-34EC-4171-93D4-E635F914C3F7}.Debug|Any CPU.Build.0 = Debug|Any CPU
		{4D60F121-34EC-4171-93D4-E635F914C3F7}.Release|Any CPU.ActiveCfg = Release|Any CPU
		{4D60F121-34EC-4171-93D4-E635F914C3F7}.Release|Any CPU.Build.0 = Release|Any CPU
		{A8CD7DCB-E250-4B5C-A6DF-D80A5E058D99}.Debug|Any CPU.ActiveCfg = Debug|Any CPU
		{A8CD7DCB-E250-4B5C-A6DF-D80A5E058D99}.Debug|Any CPU.Build.0 = Debug|Any CPU
		{A8CD7DCB-E250-4B5C-A6DF-D80A5E058D99}.Release|Any CPU.ActiveCfg = Release|Any CPU
		{A8CD7DCB-E250-4B5C-A6DF-D80A5E058D99}.Release|Any CPU.Build.0 = Release|Any CPU
		{D4389C8D-5392-4BC7-BCEB-45D6A5743B06}.Debug|Any CPU.ActiveCfg = Debug|Any CPU
		{D4389C8D-5392-4BC7-BCEB-45D6A5743B06}.Debug|Any CPU.Build.0 = Debug|Any CPU
		{D4389C8D-5392-4BC7-BCEB-45D6A5743B06}.Release|Any CPU.ActiveCfg = Release|Any CPU
		{D4389C8D-5392-4BC7-BCEB-45D6A5743B06}.Release|Any CPU.Build.0 = Release|Any CPU
		{33A98C54-01AF-4C42-A310-D087DFC0642F}.Debug|Any CPU.ActiveCfg = Debug|Any CPU
		{33A98C54-01AF-4C42-A310-D087DFC0642F}.Debug|Any CPU.Build.0 = Debug|Any CPU
		{33A98C54-01AF-4C42-A310-D087DFC0642F}.Release|Any CPU.ActiveCfg = Release|Any CPU
		{33A98C54-01AF-4C42-A310-D087DFC0642F}.Release|Any CPU.Build.0 = Release|Any CPU
		{C8321C91-8092-454D-95B3-E03805E0459E}.Debug|Any CPU.ActiveCfg = Debug|Any CPU
		{C8321C91-8092-454D-95B3-E03805E0459E}.Debug|Any CPU.Build.0 = Debug|Any CPU
		{C8321C91-8092-454D-95B3-E03805E0459E}.Release|Any CPU.ActiveCfg = Release|Any CPU
		{C8321C91-8092-454D-95B3-E03805E0459E}.Release|Any CPU.Build.0 = Release|Any CPU
		{49DD548E-5690-45F1-9814-7D18037EDC17}.Debug|Any CPU.ActiveCfg = Debug|Any CPU
		{49DD548E-5690-45F1-9814-7D18037EDC17}.Debug|Any CPU.Build.0 = Debug|Any CPU
		{49DD548E-5690-45F1-9814-7D18037EDC17}.Release|Any CPU.ActiveCfg = Release|Any CPU
		{49DD548E-5690-45F1-9814-7D18037EDC17}.Release|Any CPU.Build.0 = Release|Any CPU
		{0D3A1C49-2E87-40C6-9980-889241C71E10}.Debug|Any CPU.ActiveCfg = Debug|Any CPU
		{0D3A1C49-2E87-40C6-9980-889241C71E10}.Debug|Any CPU.Build.0 = Debug|Any CPU
		{0D3A1C49-2E87-40C6-9980-889241C71E10}.Release|Any CPU.ActiveCfg = Release|Any CPU
		{0D3A1C49-2E87-40C6-9980-889241C71E10}.Release|Any CPU.Build.0 = Release|Any CPU
		{99A2C393-0808-49C4-A8AA-6389CEF49712}.Debug|Any CPU.ActiveCfg = Debug|Any CPU
		{99A2C393-0808-49C4-A8AA-6389CEF49712}.Debug|Any CPU.Build.0 = Debug|Any CPU
		{99A2C393-0808-49C4-A8AA-6389CEF49712}.Release|Any CPU.ActiveCfg = Release|Any CPU
		{99A2C393-0808-49C4-A8AA-6389CEF49712}.Release|Any CPU.Build.0 = Release|Any CPU
		{CBB4F957-54EB-4A31-994E-53E9A9FB462C}.Debug|Any CPU.ActiveCfg = Debug|Any CPU
		{CBB4F957-54EB-4A31-994E-53E9A9FB462C}.Debug|Any CPU.Build.0 = Debug|Any CPU
		{CBB4F957-54EB-4A31-994E-53E9A9FB462C}.Release|Any CPU.ActiveCfg = Release|Any CPU
		{CBB4F957-54EB-4A31-994E-53E9A9FB462C}.Release|Any CPU.Build.0 = Release|Any CPU
		{3A96B817-3FE5-4AA4-8C81-69B6A3BB43AB}.Debug|Any CPU.ActiveCfg = Debug|Any CPU
		{3A96B817-3FE5-4AA4-8C81-69B6A3BB43AB}.Debug|Any CPU.Build.0 = Debug|Any CPU
		{3A96B817-3FE5-4AA4-8C81-69B6A3BB43AB}.Release|Any CPU.ActiveCfg = Release|Any CPU
		{3A96B817-3FE5-4AA4-8C81-69B6A3BB43AB}.Release|Any CPU.Build.0 = Release|Any CPU
		{D9E39EB8-97EE-4C32-BE18-A00DC83FE0AB}.Debug|Any CPU.ActiveCfg = Debug|Any CPU
		{D9E39EB8-97EE-4C32-BE18-A00DC83FE0AB}.Debug|Any CPU.Build.0 = Debug|Any CPU
		{D9E39EB8-97EE-4C32-BE18-A00DC83FE0AB}.Release|Any CPU.ActiveCfg = Release|Any CPU
		{D9E39EB8-97EE-4C32-BE18-A00DC83FE0AB}.Release|Any CPU.Build.0 = Release|Any CPU
		{1F3A049D-CCCA-47C4-A38B-73CC534AF3EE}.Debug|Any CPU.ActiveCfg = Debug|Any CPU
		{1F3A049D-CCCA-47C4-A38B-73CC534AF3EE}.Debug|Any CPU.Build.0 = Debug|Any CPU
		{1F3A049D-CCCA-47C4-A38B-73CC534AF3EE}.Release|Any CPU.ActiveCfg = Release|Any CPU
		{1F3A049D-CCCA-47C4-A38B-73CC534AF3EE}.Release|Any CPU.Build.0 = Release|Any CPU
		{D4F8018D-5843-49D2-AD95-B769B544C39D}.Debug|Any CPU.ActiveCfg = Debug|Any CPU
		{D4F8018D-5843-49D2-AD95-B769B544C39D}.Debug|Any CPU.Build.0 = Debug|Any CPU
		{D4F8018D-5843-49D2-AD95-B769B544C39D}.Release|Any CPU.ActiveCfg = Release|Any CPU
		{D4F8018D-5843-49D2-AD95-B769B544C39D}.Release|Any CPU.Build.0 = Release|Any CPU
		{915DC4A9-7F0F-4AF4-A673-866FE2D04B04}.Debug|Any CPU.ActiveCfg = Debug|Any CPU
		{915DC4A9-7F0F-4AF4-A673-866FE2D04B04}.Debug|Any CPU.Build.0 = Debug|Any CPU
		{915DC4A9-7F0F-4AF4-A673-866FE2D04B04}.Release|Any CPU.ActiveCfg = Release|Any CPU
		{915DC4A9-7F0F-4AF4-A673-866FE2D04B04}.Release|Any CPU.Build.0 = Release|Any CPU
		{6D5D4518-2A90-4751-81DC-821BB548EC19}.Debug|Any CPU.ActiveCfg = Debug|Any CPU
		{6D5D4518-2A90-4751-81DC-821BB548EC19}.Debug|Any CPU.Build.0 = Debug|Any CPU
		{6D5D4518-2A90-4751-81DC-821BB548EC19}.Release|Any CPU.ActiveCfg = Release|Any CPU
		{6D5D4518-2A90-4751-81DC-821BB548EC19}.Release|Any CPU.Build.0 = Release|Any CPU
		{A566BACE-CECA-4865-A162-8160F4DB0BAF}.Debug|Any CPU.ActiveCfg = Debug|Any CPU
		{A566BACE-CECA-4865-A162-8160F4DB0BAF}.Debug|Any CPU.Build.0 = Debug|Any CPU
		{A566BACE-CECA-4865-A162-8160F4DB0BAF}.Release|Any CPU.ActiveCfg = Release|Any CPU
		{A566BACE-CECA-4865-A162-8160F4DB0BAF}.Release|Any CPU.Build.0 = Release|Any CPU
	EndGlobalSection
	GlobalSection(SolutionProperties) = preSolution
		HideSolutionNode = FALSE
	EndGlobalSection
	GlobalSection(NestedProjects) = preSolution
		{9D918DFE-B06D-4BA9-93C9-0B7C99F68F74} = {E0DEDE9D-15FF-4EA6-A7B7-AAC24661606A}
		{E1FCCC7E-FA7E-4481-BB46-0B27EF45EB5D} = {E0DEDE9D-15FF-4EA6-A7B7-AAC24661606A}
		{D64CB926-DBAF-4350-83C0-80A6427CE1A5} = {E0DEDE9D-15FF-4EA6-A7B7-AAC24661606A}
		{B77AB0B4-40BB-488C-8FE0-14EDA76EB4F6} = {E0DEDE9D-15FF-4EA6-A7B7-AAC24661606A}
		{07CCAB80-4EC4-4A63-ACF2-711F943001E5} = {E0DEDE9D-15FF-4EA6-A7B7-AAC24661606A}
		{A8E305A8-790C-445E-BA64-4B73F545885F} = {AAFBE77C-3319-4AE1-A52B-323F0A354C3A}
		{17DAAF9D-0AB3-495E-A562-B949E380D3F2} = {AAFBE77C-3319-4AE1-A52B-323F0A354C3A}
		{95E163FB-A3D0-40AD-B8F5-022EEEE5C6C0} = {AAFBE77C-3319-4AE1-A52B-323F0A354C3A}
		{CBF59F67-771C-45EE-82EF-50DEDAC6B3F3} = {E238D4DF-7090-4CA5-ACF2-2EFE159DFCC5}
		{9AF64CC0-49D3-4F3A-A83B-77EBA83F148C} = {E238D4DF-7090-4CA5-ACF2-2EFE159DFCC5}
		{20DF9984-CD0A-4859-BD60-979E8033051F} = {E238D4DF-7090-4CA5-ACF2-2EFE159DFCC5}
		{CDC43F46-EA02-401B-AEC6-1151C71F88A7} = {E238D4DF-7090-4CA5-ACF2-2EFE159DFCC5}
		{9F47AE6C-553C-456E-806E-8AC110E831BF} = {E238D4DF-7090-4CA5-ACF2-2EFE159DFCC5}
		{CA85B02F-F01F-477F-84C3-7AB2A8BA530F} = {E238D4DF-7090-4CA5-ACF2-2EFE159DFCC5}
		{C84E0086-067D-4EA7-B925-9DD6FE14BFCB} = {E238D4DF-7090-4CA5-ACF2-2EFE159DFCC5}
		{6905FA6E-41DE-4982-99F0-368859491FAE} = {5E94BB94-D27E-4030-812D-0FE7283B074E}
		{74ABCC7D-EB90-4065-BF1B-2C9792D79E35} = {1E68B5D7-6CE2-4FC7-B6BB-448D76C21F0A}
		{EE9BEB37-4B17-4EF3-A4FF-048EF94AEEFC} = {5E94BB94-D27E-4030-812D-0FE7283B074E}
		{37CA3F4B-59AE-496D-97EF-80387D64C578} = {1E68B5D7-6CE2-4FC7-B6BB-448D76C21F0A}
		{739519E7-9662-4BAC-ACF2-398A50BC3082} = {A31707E2-573A-4339-AAFE-FD9B322EF5CA}
		{024A28F1-9AB6-4E3B-8333-D349F51277CF} = {F9ADE3A4-025F-4F1E-B2DA-540C58738B53}
		{C9B014D7-4B0A-4DBF-B73A-163003D7818A} = {EF0A5826-D25B-4509-9E52-1624752D137B}
		{A784DC63-0CF2-4E3E-A3FD-A4A48BC79F8F} = {C0BDFEF4-E987-4D23-93CC-9D5AAA01F55D}
		{6370F9C0-5485-4B65-862B-1A92520FA1A2} = {C0BDFEF4-E987-4D23-93CC-9D5AAA01F55D}
		{B656C30A-630D-4E47-BFDA-550C3E7AABEC} = {C0BDFEF4-E987-4D23-93CC-9D5AAA01F55D}
		{C89F7542-AC0C-4346-9AC8-ED5F51ABE2AB} = {C0BDFEF4-E987-4D23-93CC-9D5AAA01F55D}
		{390BD12D-F4A1-47D0-94EF-7F776505F4EE} = {C0BDFEF4-E987-4D23-93CC-9D5AAA01F55D}
		{0510C4BA-9B6F-477E-9D8C-5D35187B284C} = {C0BDFEF4-E987-4D23-93CC-9D5AAA01F55D}
		{67050760-2634-4845-8122-982A5CE9AC01} = {C0BDFEF4-E987-4D23-93CC-9D5AAA01F55D}
		{1A47915C-7455-4084-A5D0-BAD39626E1C9} = {28F8E7E2-305A-4AC1-A363-3B4B11CF698B}
		{DA07974F-D973-4DB8-B168-9FF1050A378C} = {28F8E7E2-305A-4AC1-A363-3B4B11CF698B}
		{6E255CD3-0892-43B5-AF13-6FCEF1D6739B} = {ECFCA0FA-B6D9-4C61-99AC-33B1CF687BAD}
		{78BD3BEE-C79E-4596-BE64-AE45ED42C05D} = {ECFCA0FA-B6D9-4C61-99AC-33B1CF687BAD}
		{4D60F121-34EC-4171-93D4-E635F914C3F7} = {ECFCA0FA-B6D9-4C61-99AC-33B1CF687BAD}
		{A8CD7DCB-E250-4B5C-A6DF-D80A5E058D99} = {ECFCA0FA-B6D9-4C61-99AC-33B1CF687BAD}
		{D4389C8D-5392-4BC7-BCEB-45D6A5743B06} = {ECFCA0FA-B6D9-4C61-99AC-33B1CF687BAD}
		{C8321C91-8092-454D-95B3-E03805E0459E} = {ECFCA0FA-B6D9-4C61-99AC-33B1CF687BAD}
		{49DD548E-5690-45F1-9814-7D18037EDC17} = {34745D08-B535-4B7F-9623-AA624BCF4665}
		{0D3A1C49-2E87-40C6-9980-889241C71E10} = {E35E5114-6E1C-4654-BCD5-258E0FB9B984}
		{99A2C393-0808-49C4-A8AA-6389CEF49712} = {E35E5114-6E1C-4654-BCD5-258E0FB9B984}
		{CBB4F957-54EB-4A31-994E-53E9A9FB462C} = {EF0A5826-D25B-4509-9E52-1624752D137B}
		{3A96B817-3FE5-4AA4-8C81-69B6A3BB43AB} = {A31707E2-573A-4339-AAFE-FD9B322EF5CA}
		{D9E39EB8-97EE-4C32-BE18-A00DC83FE0AB} = {A31707E2-573A-4339-AAFE-FD9B322EF5CA}
		{1F3A049D-CCCA-47C4-A38B-73CC534AF3EE} = {F9ADE3A4-025F-4F1E-B2DA-540C58738B53}
		{D4F8018D-5843-49D2-AD95-B769B544C39D} = {28F8E7E2-305A-4AC1-A363-3B4B11CF698B}
		{915DC4A9-7F0F-4AF4-A673-866FE2D04B04} = {E0DEDE9D-15FF-4EA6-A7B7-AAC24661606A}
		{6D5D4518-2A90-4751-81DC-821BB548EC19} = {06BBBE13-CC95-49C2-8B10-944EBE8ACF5D}
		{A566BACE-CECA-4865-A162-8160F4DB0BAF} = {5E94BB94-D27E-4030-812D-0FE7283B074E}
	EndGlobalSection
	GlobalSection(ExtensibilityGlobals) = postSolution
		SolutionGuid = {A4317AD7-03B0-4916-B5F2-4A3A1A2701C0}
	EndGlobalSection
EndGlobal
