
Microsoft Visual Studio Solution File, Format Version 12.00
# Visual Studio Version 17
VisualStudioVersion = 17.10.35013.160
MinimumVisualStudioVersion = 10.0.40219.1
Project("{2150E333-8FDC-42A3-9474-1A3956D46DE8}") = "Modulo 3", "Modulo 3", "{E0DEDE9D-15FF-4EA6-A7B7-AAC24661606A}"
EndProject
Project("{2150E333-8FDC-42A3-9474-1A3956D46DE8}") = "Modulo 4", "Modulo 4", "{AAFBE77C-3319-4AE1-A52B-323F0A354C3A}"
EndProject
Project("{2150E333-8FDC-42A3-9474-1A3956D46DE8}") = "Modulo 5", "Modulo 5", "{06BBBE13-CC95-49C2-8B10-944EBE8ACF5D}"
EndProject
Project("{2150E333-8FDC-42A3-9474-1A3956D46DE8}") = "Modulo 6", "Modulo 6", "{E238D4DF-7090-4CA5-ACF2-2EFE159DFCC5}"
EndProject
Project("{9A19103F-16F7-4668-BE54-9A1E7A4F7556}") = "Ex_EntradaDeDados", "Modulo 3\Ex_EntradaDeDados\Ex_EntradaDeDados.csproj", "{9D918DFE-B06D-4BA9-93C9-0B7C99F68F74}"
EndProject
Project("{9A19103F-16F7-4668-BE54-9A1E7A4F7556}") = "Ex_IfElse", "Modulo 3\Ex_IfElse\Ex_IfElse.csproj", "{E1FCCC7E-FA7E-4481-BB46-0B27EF45EB5D}"
EndProject
Project("{9A19103F-16F7-4668-BE54-9A1E7A4F7556}") = "Ex_For", "Modulo 3\Ex_For\Ex_For.csproj", "{D64CB926-DBAF-4350-83C0-80A6427CE1A5}"
EndProject
Project("{9A19103F-16F7-4668-BE54-9A1E7A4F7556}") = "Ex_TiposDeDadosBásicos", "Modulo 3\Ex_TiposDeDadosBásicos\Ex_TiposDeDadosBásicos.csproj", "{6EA4B2D8-2276-475B-A4C6-91C63F753F22}"
EndProject
Project("{9A19103F-16F7-4668-BE54-9A1E7A4F7556}") = "HelloWorld", "Modulo 3\HelloWorld\HelloWorld.csproj", "{B77AB0B4-40BB-488C-8FE0-14EDA76EB4F6}"
EndProject
Project("{9A19103F-16F7-4668-BE54-9A1E7A4F7556}") = "Ex_While", "Modulo 3\Ex_While\Ex_While.csproj", "{07CCAB80-4EC4-4A63-ACF2-711F943001E5}"
EndProject
Project("{9A19103F-16F7-4668-BE54-9A1E7A4F7556}") = "Ex1(OOP)", "Modulo 4\Ex1(OOP)\Ex1(OOP).csproj", "{A8E305A8-790C-445E-BA64-4B73F545885F}"
EndProject
Project("{9A19103F-16F7-4668-BE54-9A1E7A4F7556}") = "Ex3(OOP)", "Modulo 4\Ex3(OOP)\Ex3(OOP).csproj", "{17DAAF9D-0AB3-495E-A562-B949E380D3F2}"
EndProject
Project("{9A19103F-16F7-4668-BE54-9A1E7A4F7556}") = "ProblemaProduto(OOP)", "Modulo 4\ProblemaProduto(OOP)\ProblemaProduto(OOP).csproj", "{95E163FB-A3D0-40AD-B8F5-022EEEE5C6C0}"
EndProject
Project("{9A19103F-16F7-4668-BE54-9A1E7A4F7556}") = "Ex_ContaBancária", "Modulo 5\Ex_ContaBancária\Ex_ContaBancária.csproj", "{4B511D51-FE16-40C3-9A1D-3B00C66DC595}"
EndProject
Project("{9A19103F-16F7-4668-BE54-9A1E7A4F7556}") = "Ex_List", "Modulo 6\Ex_List\Ex_List.csproj", "{CBF59F67-771C-45EE-82EF-50DEDAC6B3F3}"
EndProject
Project("{9A19103F-16F7-4668-BE54-9A1E7A4F7556}") = "Ex_List2", "Modulo 6\Ex_List2\Ex_List2.csproj", "{9AF64CC0-49D3-4F3A-A83B-77EBA83F148C}"
EndProject
Project("{9A19103F-16F7-4668-BE54-9A1E7A4F7556}") = "Ex_Matrices", "Modulo 6\Ex_Matrices\Ex_Matrices.csproj", "{20DF9984-CD0A-4859-BD60-979E8033051F}"
EndProject
Project("{9A19103F-16F7-4668-BE54-9A1E7A4F7556}") = "Ex_Matrices2(Search)", "Modulo 6\Ex_Matrices2\Ex_Matrices2(Search).csproj", "{CDC43F46-EA02-401B-AEC6-1151C71F88A7}"
EndProject
Project("{9A19103F-16F7-4668-BE54-9A1E7A4F7556}") = "Ex_Nullable", "Modulo 6\Ex_Nullable\Ex_Nullable.csproj", "{9F47AE6C-553C-456E-806E-8AC110E831BF}"
EndProject
Project("{9A19103F-16F7-4668-BE54-9A1E7A4F7556}") = "Ex_RefOut", "Modulo 6\Ex_RefOut\Ex_RefOut.csproj", "{CA85B02F-F01F-477F-84C3-7AB2A8BA530F}"
EndProject
Project("{9A19103F-16F7-4668-BE54-9A1E7A4F7556}") = "Ex_Vetores", "Modulo 6\Ex_Vetores\Ex_Vetores.csproj", "{C84E0086-067D-4EA7-B925-9DD6FE14BFCB}"
EndProject
Project("{2150E333-8FDC-42A3-9474-1A3956D46DE8}") = "Modulo 7", "Modulo 7", "{5E94BB94-D27E-4030-812D-0FE7283B074E}"
EndProject
Project("{9A19103F-16F7-4668-BE54-9A1E7A4F7556}") = "Ex_DateTime", "Ex_DateTime\Ex_DateTime.csproj", "{6905FA6E-41DE-4982-99F0-368859491FAE}"
EndProject
Project("{2150E333-8FDC-42A3-9474-1A3956D46DE8}") = "Modulo 9", "Modulo 9", "{1E68B5D7-6CE2-4FC7-B6BB-448D76C21F0A}"
EndProject
Project("{9A19103F-16F7-4668-BE54-9A1E7A4F7556}") = "Ex_Enum", "Ex_Enum\Ex_Enum.csproj", "{74ABCC7D-EB90-4065-BF1B-2C9792D79E35}"
EndProject
Project("{9A19103F-16F7-4668-BE54-9A1E7A4F7556}") = "Ex_TimeSpan", "Ex_TimeSpan\Ex_TimeSpan.csproj", "{EE9BEB37-4B17-4EF3-A4FF-048EF94AEEFC}"
EndProject
Project("{9A19103F-16F7-4668-BE54-9A1E7A4F7556}") = "Ex_DinamicaDeClasses", "Ex_DinamicaDeClasses\Ex_DinamicaDeClasses.csproj", "{37CA3F4B-59AE-496D-97EF-80387D64C578}"
EndProject
Project("{2150E333-8FDC-42A3-9474-1A3956D46DE8}") = "Modulo 10", "Modulo 10", "{A31707E2-573A-4339-AAFE-FD9B322EF5CA}"
EndProject
Project("{9A19103F-16F7-4668-BE54-9A1E7A4F7556}") = "Ex_CondTernária", "Modulo 7\Ex_CondTernária\Ex_CondTernária.csproj", "{9B446A91-22D8-4B0C-8C96-422C5B8B9024}"
EndProject
Project("{9A19103F-16F7-4668-BE54-9A1E7A4F7556}") = "Ex_UpcastingDowncasting", "Ex_UpcastingDowncasting\Ex_UpcastingDowncasting.csproj", "{739519E7-9662-4BAC-ACF2-398A50BC3082}"
EndProject
Project("{9A19103F-16F7-4668-BE54-9A1E7A4F7556}") = "Ex_Sobreposição", "Ex_Sobreposição\Ex_Sobreposição.csproj", "{07A8C123-4A64-4885-9533-10ADAB257A15}"
EndProject
Project("{9A19103F-16F7-4668-BE54-9A1E7A4F7556}") = "Ex1(HerançaPolimorfirsmo)", "Ex1(HerançaPolimorfirsmo)\Ex1(HerançaPolimorfirsmo).csproj", "{563EE563-289F-40ED-A2EA-7FFEA8B98833}"
EndProject
Project("{2150E333-8FDC-42A3-9474-1A3956D46DE8}") = "Modulo 11", "Modulo 11", "{F9ADE3A4-025F-4F1E-B2DA-540C58738B53}"
EndProject
Project("{9A19103F-16F7-4668-BE54-9A1E7A4F7556}") = "Ex_TryCatchFinally", "Ex_TryCatch\Ex_TryCatchFinally.csproj", "{024A28F1-9AB6-4E3B-8333-D349F51277CF}"
EndProject
Project("{9A19103F-16F7-4668-BE54-9A1E7A4F7556}") = "Ex_ExceçõesPersonalizadas", "Ex_ExceçõesPersonalizadas\Ex_ExceçõesPersonalizadas.csproj", "{6A0B4526-66EB-4AF8-87E4-ACC59EA731DF}"
EndProject
Project("{2150E333-8FDC-42A3-9474-1A3956D46DE8}") = "Ex_Extra", "Ex_Extra", "{EF0A5826-D25B-4509-9E52-1624752D137B}"
EndProject
Project("{FAE04EC0-301F-11D3-BF4B-00C04F79EFBC}") = "Ex_Extra", "Ex_Extra\Ex_Extra.csproj", "{C9B014D7-4B0A-4DBF-B73A-163003D7818A}"
EndProject
Global
	GlobalSection(SolutionConfigurationPlatforms) = preSolution
		Debug|Any CPU = Debug|Any CPU
		Release|Any CPU = Release|Any CPU
	EndGlobalSection
	GlobalSection(ProjectConfigurationPlatforms) = postSolution
		{9D918DFE-B06D-4BA9-93C9-0B7C99F68F74}.Debug|Any CPU.ActiveCfg = Debug|Any CPU
		{9D918DFE-B06D-4BA9-93C9-0B7C99F68F74}.Debug|Any CPU.Build.0 = Debug|Any CPU
		{9D918DFE-B06D-4BA9-93C9-0B7C99F68F74}.Release|Any CPU.ActiveCfg = Release|Any CPU
		{9D918DFE-B06D-4BA9-93C9-0B7C99F68F74}.Release|Any CPU.Build.0 = Release|Any CPU
		{E1FCCC7E-FA7E-4481-BB46-0B27EF45EB5D}.Debug|Any CPU.ActiveCfg = Debug|Any CPU
		{E1FCCC7E-FA7E-4481-BB46-0B27EF45EB5D}.Debug|Any CPU.Build.0 = Debug|Any CPU
		{E1FCCC7E-FA7E-4481-BB46-0B27EF45EB5D}.Release|Any CPU.ActiveCfg = Release|Any CPU
		{E1FCCC7E-FA7E-4481-BB46-0B27EF45EB5D}.Release|Any CPU.Build.0 = Release|Any CPU
		{D64CB926-DBAF-4350-83C0-80A6427CE1A5}.Debug|Any CPU.ActiveCfg = Debug|Any CPU
		{D64CB926-DBAF-4350-83C0-80A6427CE1A5}.Debug|Any CPU.Build.0 = Debug|Any CPU
		{D64CB926-DBAF-4350-83C0-80A6427CE1A5}.Release|Any CPU.ActiveCfg = Release|Any CPU
		{D64CB926-DBAF-4350-83C0-80A6427CE1A5}.Release|Any CPU.Build.0 = Release|Any CPU
		{6EA4B2D8-2276-475B-A4C6-91C63F753F22}.Debug|Any CPU.ActiveCfg = Debug|Any CPU
		{6EA4B2D8-2276-475B-A4C6-91C63F753F22}.Debug|Any CPU.Build.0 = Debug|Any CPU
		{6EA4B2D8-2276-475B-A4C6-91C63F753F22}.Release|Any CPU.ActiveCfg = Release|Any CPU
		{6EA4B2D8-2276-475B-A4C6-91C63F753F22}.Release|Any CPU.Build.0 = Release|Any CPU
		{B77AB0B4-40BB-488C-8FE0-14EDA76EB4F6}.Debug|Any CPU.ActiveCfg = Debug|Any CPU
		{B77AB0B4-40BB-488C-8FE0-14EDA76EB4F6}.Debug|Any CPU.Build.0 = Debug|Any CPU
		{B77AB0B4-40BB-488C-8FE0-14EDA76EB4F6}.Release|Any CPU.ActiveCfg = Release|Any CPU
		{B77AB0B4-40BB-488C-8FE0-14EDA76EB4F6}.Release|Any CPU.Build.0 = Release|Any CPU
		{07CCAB80-4EC4-4A63-ACF2-711F943001E5}.Debug|Any CPU.ActiveCfg = Debug|Any CPU
		{07CCAB80-4EC4-4A63-ACF2-711F943001E5}.Debug|Any CPU.Build.0 = Debug|Any CPU
		{07CCAB80-4EC4-4A63-ACF2-711F943001E5}.Release|Any CPU.ActiveCfg = Release|Any CPU
		{07CCAB80-4EC4-4A63-ACF2-711F943001E5}.Release|Any CPU.Build.0 = Release|Any CPU
		{A8E305A8-790C-445E-BA64-4B73F545885F}.Debug|Any CPU.ActiveCfg = Debug|Any CPU
		{A8E305A8-790C-445E-BA64-4B73F545885F}.Debug|Any CPU.Build.0 = Debug|Any CPU
		{A8E305A8-790C-445E-BA64-4B73F545885F}.Release|Any CPU.ActiveCfg = Release|Any CPU
		{A8E305A8-790C-445E-BA64-4B73F545885F}.Release|Any CPU.Build.0 = Release|Any CPU
		{17DAAF9D-0AB3-495E-A562-B949E380D3F2}.Debug|Any CPU.ActiveCfg = Debug|Any CPU
		{17DAAF9D-0AB3-495E-A562-B949E380D3F2}.Debug|Any CPU.Build.0 = Debug|Any CPU
		{17DAAF9D-0AB3-495E-A562-B949E380D3F2}.Release|Any CPU.ActiveCfg = Release|Any CPU
		{17DAAF9D-0AB3-495E-A562-B949E380D3F2}.Release|Any CPU.Build.0 = Release|Any CPU
		{95E163FB-A3D0-40AD-B8F5-022EEEE5C6C0}.Debug|Any CPU.ActiveCfg = Debug|Any CPU
		{95E163FB-A3D0-40AD-B8F5-022EEEE5C6C0}.Debug|Any CPU.Build.0 = Debug|Any CPU
		{95E163FB-A3D0-40AD-B8F5-022EEEE5C6C0}.Release|Any CPU.ActiveCfg = Release|Any CPU
		{95E163FB-A3D0-40AD-B8F5-022EEEE5C6C0}.Release|Any CPU.Build.0 = Release|Any CPU
		{4B511D51-FE16-40C3-9A1D-3B00C66DC595}.Debug|Any CPU.ActiveCfg = Debug|Any CPU
		{4B511D51-FE16-40C3-9A1D-3B00C66DC595}.Debug|Any CPU.Build.0 = Debug|Any CPU
		{4B511D51-FE16-40C3-9A1D-3B00C66DC595}.Release|Any CPU.ActiveCfg = Release|Any CPU
		{4B511D51-FE16-40C3-9A1D-3B00C66DC595}.Release|Any CPU.Build.0 = Release|Any CPU
		{CBF59F67-771C-45EE-82EF-50DEDAC6B3F3}.Debug|Any CPU.ActiveCfg = Debug|Any CPU
		{CBF59F67-771C-45EE-82EF-50DEDAC6B3F3}.Debug|Any CPU.Build.0 = Debug|Any CPU
		{CBF59F67-771C-45EE-82EF-50DEDAC6B3F3}.Release|Any CPU.ActiveCfg = Release|Any CPU
		{CBF59F67-771C-45EE-82EF-50DEDAC6B3F3}.Release|Any CPU.Build.0 = Release|Any CPU
		{9AF64CC0-49D3-4F3A-A83B-77EBA83F148C}.Debug|Any CPU.ActiveCfg = Debug|Any CPU
		{9AF64CC0-49D3-4F3A-A83B-77EBA83F148C}.Debug|Any CPU.Build.0 = Debug|Any CPU
		{9AF64CC0-49D3-4F3A-A83B-77EBA83F148C}.Release|Any CPU.ActiveCfg = Release|Any CPU
		{9AF64CC0-49D3-4F3A-A83B-77EBA83F148C}.Release|Any CPU.Build.0 = Release|Any CPU
		{20DF9984-CD0A-4859-BD60-979E8033051F}.Debug|Any CPU.ActiveCfg = Debug|Any CPU
		{20DF9984-CD0A-4859-BD60-979E8033051F}.Debug|Any CPU.Build.0 = Debug|Any CPU
		{20DF9984-CD0A-4859-BD60-979E8033051F}.Release|Any CPU.ActiveCfg = Release|Any CPU
		{20DF9984-CD0A-4859-BD60-979E8033051F}.Release|Any CPU.Build.0 = Release|Any CPU
		{CDC43F46-EA02-401B-AEC6-1151C71F88A7}.Debug|Any CPU.ActiveCfg = Debug|Any CPU
		{CDC43F46-EA02-401B-AEC6-1151C71F88A7}.Debug|Any CPU.Build.0 = Debug|Any CPU
		{CDC43F46-EA02-401B-AEC6-1151C71F88A7}.Release|Any CPU.ActiveCfg = Release|Any CPU
		{CDC43F46-EA02-401B-AEC6-1151C71F88A7}.Release|Any CPU.Build.0 = Release|Any CPU
		{9F47AE6C-553C-456E-806E-8AC110E831BF}.Debug|Any CPU.ActiveCfg = Debug|Any CPU
		{9F47AE6C-553C-456E-806E-8AC110E831BF}.Debug|Any CPU.Build.0 = Debug|Any CPU
		{9F47AE6C-553C-456E-806E-8AC110E831BF}.Release|Any CPU.ActiveCfg = Release|Any CPU
		{9F47AE6C-553C-456E-806E-8AC110E831BF}.Release|Any CPU.Build.0 = Release|Any CPU
		{CA85B02F-F01F-477F-84C3-7AB2A8BA530F}.Debug|Any CPU.ActiveCfg = Debug|Any CPU
		{CA85B02F-F01F-477F-84C3-7AB2A8BA530F}.Debug|Any CPU.Build.0 = Debug|Any CPU
		{CA85B02F-F01F-477F-84C3-7AB2A8BA530F}.Release|Any CPU.ActiveCfg = Release|Any CPU
		{CA85B02F-F01F-477F-84C3-7AB2A8BA530F}.Release|Any CPU.Build.0 = Release|Any CPU
		{C84E0086-067D-4EA7-B925-9DD6FE14BFCB}.Debug|Any CPU.ActiveCfg = Debug|Any CPU
		{C84E0086-067D-4EA7-B925-9DD6FE14BFCB}.Debug|Any CPU.Build.0 = Debug|Any CPU
		{C84E0086-067D-4EA7-B925-9DD6FE14BFCB}.Release|Any CPU.ActiveCfg = Release|Any CPU
		{C84E0086-067D-4EA7-B925-9DD6FE14BFCB}.Release|Any CPU.Build.0 = Release|Any CPU
		{6905FA6E-41DE-4982-99F0-368859491FAE}.Debug|Any CPU.ActiveCfg = Debug|Any CPU
		{6905FA6E-41DE-4982-99F0-368859491FAE}.Debug|Any CPU.Build.0 = Debug|Any CPU
		{6905FA6E-41DE-4982-99F0-368859491FAE}.Release|Any CPU.ActiveCfg = Release|Any CPU
		{6905FA6E-41DE-4982-99F0-368859491FAE}.Release|Any CPU.Build.0 = Release|Any CPU
		{74ABCC7D-EB90-4065-BF1B-2C9792D79E35}.Debug|Any CPU.ActiveCfg = Debug|Any CPU
		{74ABCC7D-EB90-4065-BF1B-2C9792D79E35}.Debug|Any CPU.Build.0 = Debug|Any CPU
		{74ABCC7D-EB90-4065-BF1B-2C9792D79E35}.Release|Any CPU.ActiveCfg = Release|Any CPU
		{74ABCC7D-EB90-4065-BF1B-2C9792D79E35}.Release|Any CPU.Build.0 = Release|Any CPU
		{EE9BEB37-4B17-4EF3-A4FF-048EF94AEEFC}.Debug|Any CPU.ActiveCfg = Debug|Any CPU
		{EE9BEB37-4B17-4EF3-A4FF-048EF94AEEFC}.Debug|Any CPU.Build.0 = Debug|Any CPU
		{EE9BEB37-4B17-4EF3-A4FF-048EF94AEEFC}.Release|Any CPU.ActiveCfg = Release|Any CPU
		{EE9BEB37-4B17-4EF3-A4FF-048EF94AEEFC}.Release|Any CPU.Build.0 = Release|Any CPU
		{37CA3F4B-59AE-496D-97EF-80387D64C578}.Debug|Any CPU.ActiveCfg = Debug|Any CPU
		{37CA3F4B-59AE-496D-97EF-80387D64C578}.Debug|Any CPU.Build.0 = Debug|Any CPU
		{37CA3F4B-59AE-496D-97EF-80387D64C578}.Release|Any CPU.ActiveCfg = Release|Any CPU
		{37CA3F4B-59AE-496D-97EF-80387D64C578}.Release|Any CPU.Build.0 = Release|Any CPU
		{9B446A91-22D8-4B0C-8C96-422C5B8B9024}.Debug|Any CPU.ActiveCfg = Debug|Any CPU
		{9B446A91-22D8-4B0C-8C96-422C5B8B9024}.Debug|Any CPU.Build.0 = Debug|Any CPU
		{9B446A91-22D8-4B0C-8C96-422C5B8B9024}.Release|Any CPU.ActiveCfg = Release|Any CPU
		{9B446A91-22D8-4B0C-8C96-422C5B8B9024}.Release|Any CPU.Build.0 = Release|Any CPU
		{739519E7-9662-4BAC-ACF2-398A50BC3082}.Debug|Any CPU.ActiveCfg = Debug|Any CPU
		{739519E7-9662-4BAC-ACF2-398A50BC3082}.Debug|Any CPU.Build.0 = Debug|Any CPU
		{739519E7-9662-4BAC-ACF2-398A50BC3082}.Release|Any CPU.ActiveCfg = Release|Any CPU
		{739519E7-9662-4BAC-ACF2-398A50BC3082}.Release|Any CPU.Build.0 = Release|Any CPU
		{07A8C123-4A64-4885-9533-10ADAB257A15}.Debug|Any CPU.ActiveCfg = Debug|Any CPU
		{07A8C123-4A64-4885-9533-10ADAB257A15}.Debug|Any CPU.Build.0 = Debug|Any CPU
		{07A8C123-4A64-4885-9533-10ADAB257A15}.Release|Any CPU.ActiveCfg = Release|Any CPU
		{07A8C123-4A64-4885-9533-10ADAB257A15}.Release|Any CPU.Build.0 = Release|Any CPU
		{563EE563-289F-40ED-A2EA-7FFEA8B98833}.Debug|Any CPU.ActiveCfg = Debug|Any CPU
		{563EE563-289F-40ED-A2EA-7FFEA8B98833}.Debug|Any CPU.Build.0 = Debug|Any CPU
		{563EE563-289F-40ED-A2EA-7FFEA8B98833}.Release|Any CPU.ActiveCfg = Release|Any CPU
		{563EE563-289F-40ED-A2EA-7FFEA8B98833}.Release|Any CPU.Build.0 = Release|Any CPU
		{024A28F1-9AB6-4E3B-8333-D349F51277CF}.Debug|Any CPU.ActiveCfg = Debug|Any CPU
		{024A28F1-9AB6-4E3B-8333-D349F51277CF}.Debug|Any CPU.Build.0 = Debug|Any CPU
		{024A28F1-9AB6-4E3B-8333-D349F51277CF}.Release|Any CPU.ActiveCfg = Release|Any CPU
		{024A28F1-9AB6-4E3B-8333-D349F51277CF}.Release|Any CPU.Build.0 = Release|Any CPU
		{6A0B4526-66EB-4AF8-87E4-ACC59EA731DF}.Debug|Any CPU.ActiveCfg = Debug|Any CPU
		{6A0B4526-66EB-4AF8-87E4-ACC59EA731DF}.Debug|Any CPU.Build.0 = Debug|Any CPU
		{6A0B4526-66EB-4AF8-87E4-ACC59EA731DF}.Release|Any CPU.ActiveCfg = Release|Any CPU
		{6A0B4526-66EB-4AF8-87E4-ACC59EA731DF}.Release|Any CPU.Build.0 = Release|Any CPU
		{C9B014D7-4B0A-4DBF-B73A-163003D7818A}.Debug|Any CPU.ActiveCfg = Debug|Any CPU
		{C9B014D7-4B0A-4DBF-B73A-163003D7818A}.Debug|Any CPU.Build.0 = Debug|Any CPU
		{C9B014D7-4B0A-4DBF-B73A-163003D7818A}.Release|Any CPU.ActiveCfg = Release|Any CPU
		{C9B014D7-4B0A-4DBF-B73A-163003D7818A}.Release|Any CPU.Build.0 = Release|Any CPU
	EndGlobalSection
	GlobalSection(SolutionProperties) = preSolution
		HideSolutionNode = FALSE
	EndGlobalSection
	GlobalSection(NestedProjects) = preSolution
		{9D918DFE-B06D-4BA9-93C9-0B7C99F68F74} = {E0DEDE9D-15FF-4EA6-A7B7-AAC24661606A}
		{E1FCCC7E-FA7E-4481-BB46-0B27EF45EB5D} = {E0DEDE9D-15FF-4EA6-A7B7-AAC24661606A}
		{D64CB926-DBAF-4350-83C0-80A6427CE1A5} = {E0DEDE9D-15FF-4EA6-A7B7-AAC24661606A}
		{6EA4B2D8-2276-475B-A4C6-91C63F753F22} = {E0DEDE9D-15FF-4EA6-A7B7-AAC24661606A}
		{B77AB0B4-40BB-488C-8FE0-14EDA76EB4F6} = {E0DEDE9D-15FF-4EA6-A7B7-AAC24661606A}
		{07CCAB80-4EC4-4A63-ACF2-711F943001E5} = {E0DEDE9D-15FF-4EA6-A7B7-AAC24661606A}
		{A8E305A8-790C-445E-BA64-4B73F545885F} = {AAFBE77C-3319-4AE1-A52B-323F0A354C3A}
		{17DAAF9D-0AB3-495E-A562-B949E380D3F2} = {AAFBE77C-3319-4AE1-A52B-323F0A354C3A}
		{95E163FB-A3D0-40AD-B8F5-022EEEE5C6C0} = {AAFBE77C-3319-4AE1-A52B-323F0A354C3A}
		{4B511D51-FE16-40C3-9A1D-3B00C66DC595} = {06BBBE13-CC95-49C2-8B10-944EBE8ACF5D}
		{CBF59F67-771C-45EE-82EF-50DEDAC6B3F3} = {E238D4DF-7090-4CA5-ACF2-2EFE159DFCC5}
		{9AF64CC0-49D3-4F3A-A83B-77EBA83F148C} = {E238D4DF-7090-4CA5-ACF2-2EFE159DFCC5}
		{20DF9984-CD0A-4859-BD60-979E8033051F} = {E238D4DF-7090-4CA5-ACF2-2EFE159DFCC5}
		{CDC43F46-EA02-401B-AEC6-1151C71F88A7} = {E238D4DF-7090-4CA5-ACF2-2EFE159DFCC5}
		{9F47AE6C-553C-456E-806E-8AC110E831BF} = {E238D4DF-7090-4CA5-ACF2-2EFE159DFCC5}
		{CA85B02F-F01F-477F-84C3-7AB2A8BA530F} = {E238D4DF-7090-4CA5-ACF2-2EFE159DFCC5}
		{C84E0086-067D-4EA7-B925-9DD6FE14BFCB} = {E238D4DF-7090-4CA5-ACF2-2EFE159DFCC5}
		{6905FA6E-41DE-4982-99F0-368859491FAE} = {5E94BB94-D27E-4030-812D-0FE7283B074E}
		{74ABCC7D-EB90-4065-BF1B-2C9792D79E35} = {1E68B5D7-6CE2-4FC7-B6BB-448D76C21F0A}
		{EE9BEB37-4B17-4EF3-A4FF-048EF94AEEFC} = {5E94BB94-D27E-4030-812D-0FE7283B074E}
		{37CA3F4B-59AE-496D-97EF-80387D64C578} = {1E68B5D7-6CE2-4FC7-B6BB-448D76C21F0A}
		{9B446A91-22D8-4B0C-8C96-422C5B8B9024} = {5E94BB94-D27E-4030-812D-0FE7283B074E}
		{739519E7-9662-4BAC-ACF2-398A50BC3082} = {A31707E2-573A-4339-AAFE-FD9B322EF5CA}
		{07A8C123-4A64-4885-9533-10ADAB257A15} = {A31707E2-573A-4339-AAFE-FD9B322EF5CA}
		{563EE563-289F-40ED-A2EA-7FFEA8B98833} = {A31707E2-573A-4339-AAFE-FD9B322EF5CA}
		{024A28F1-9AB6-4E3B-8333-D349F51277CF} = {F9ADE3A4-025F-4F1E-B2DA-540C58738B53}
		{6A0B4526-66EB-4AF8-87E4-ACC59EA731DF} = {F9ADE3A4-025F-4F1E-B2DA-540C58738B53}
		{C9B014D7-4B0A-4DBF-B73A-163003D7818A} = {EF0A5826-D25B-4509-9E52-1624752D137B}
	EndGlobalSection
	GlobalSection(ExtensibilityGlobals) = postSolution
		SolutionGuid = {A4317AD7-03B0-4916-B5F2-4A3A1A2701C0}
	EndGlobalSection
EndGlobal
